
Microsoft Visual Studio Solution File, Format Version 12.00
# Visual Studio Version 17
VisualStudioVersion = 17.14.36429.23
MinimumVisualStudioVersion = 10.0.40219.1
Project("{FAE04EC0-301F-11D3-BF4B-00C04F79EFBC}") = "00. Demo0", "00. Demo0\00. Demo0.csproj", "{E41B48CC-0130-4EFB-95AC-A5534C7A61EE}"
EndProject
Project("{FAE04EC0-301F-11D3-BF4B-00C04F79EFBC}") = "01. Figurs", "01. Figurs\01. Figurs.csproj", "{8CA92850-4E81-4EB6-9A13-012583C4B672}"
EndProject
Project("{FAE04EC0-301F-11D3-BF4B-00C04F79EFBC}") = "02. AnimalKingdom", "02. AnimalKingdom\02. AnimalKingdom.csproj", "{51FC8E9C-B0F0-42C7-AEF3-E00B884CBAD4}"
EndProject
Project("{FAE04EC0-301F-11D3-BF4B-00C04F79EFBC}") = "03.Shapes", "03.Shapes\03.Shapes.csproj", "{EBB2D7CC-E3D2-491A-9F99-C658584F89B0}"
EndProject
Global
	GlobalSection(SolutionConfigurationPlatforms) = preSolution
		Debug|Any CPU = Debug|Any CPU
		Release|Any CPU = Release|Any CPU
	EndGlobalSection
	GlobalSection(ProjectConfigurationPlatforms) = postSolution
		{E41B48CC-0130-4EFB-95AC-A5534C7A61EE}.Debug|Any CPU.ActiveCfg = Debug|Any CPU
		{E41B48CC-0130-4EFB-95AC-A5534C7A61EE}.Debug|Any CPU.Build.0 = Debug|Any CPU
		{E41B48CC-0130-4EFB-95AC-A5534C7A61EE}.Release|Any CPU.ActiveCfg = Release|Any CPU
		{E41B48CC-0130-4EFB-95AC-A5534C7A61EE}.Release|Any CPU.Build.0 = Release|Any CPU
		{8CA92850-4E81-4EB6-9A13-012583C4B672}.Debug|Any CPU.ActiveCfg = Debug|Any CPU
		{8CA92850-4E81-4EB6-9A13-012583C4B672}.Debug|Any CPU.Build.0 = Debug|Any CPU
		{8CA92850-4E81-4EB6-9A13-012583C4B672}.Release|Any CPU.ActiveCfg = Release|Any CPU
		{8CA92850-4E81-4EB6-9A13-012583C4B672}.Release|Any CPU.Build.0 = Release|Any CPU
		{51FC8E9C-B0F0-42C7-AEF3-E00B884CBAD4}.Debug|Any CPU.ActiveCfg = Debug|Any CPU
		{51FC8E9C-B0F0-42C7-AEF3-E00B884CBAD4}.Debug|Any CPU.Build.0 = Debug|Any CPU
		{51FC8E9C-B0F0-42C7-AEF3-E00B884CBAD4}.Release|Any CPU.ActiveCfg = Release|Any CPU
		{51FC8E9C-B0F0-42C7-AEF3-E00B884CBAD4}.Release|Any CPU.Build.0 = Release|Any CPU
		{EBB2D7CC-E3D2-491A-9F99-C658584F89B0}.Debug|Any CPU.ActiveCfg = Debug|Any CPU
		{EBB2D7CC-E3D2-491A-9F99-C658584F89B0}.Debug|Any CPU.Build.0 = Debug|Any CPU
		{EBB2D7CC-E3D2-491A-9F99-C658584F89B0}.Release|Any CPU.ActiveCfg = Release|Any CPU
		{EBB2D7CC-E3D2-491A-9F99-C658584F89B0}.Release|Any CPU.Build.0 = Release|Any CPU
	EndGlobalSection
	GlobalSection(SolutionProperties) = preSolution
		HideSolutionNode = FALSE
	EndGlobalSection
	GlobalSection(ExtensibilityGlobals) = postSolution
		SolutionGuid = {C09ADC5D-9F3C-43F8-BBB4-E2A8D6CD1E3E}
	EndGlobalSection
EndGlobal
