
Microsoft Visual Studio Solution File, Format Version 12.00
# Visual Studio Version 17
VisualStudioVersion = 17.14.36429.23
MinimumVisualStudioVersion = 10.0.40219.1
Project("{FAE04EC0-301F-11D3-BF4B-00C04F79EFBC}") = "15.1 - 0 - Demo", "15.1 - 0 - Demo\15.1 - 0 - Demo.csproj", "{FB05956A-441F-43C1-BADF-DBC4D54D52DC}"
EndProject
Project("{FAE04EC0-301F-11D3-BF4B-00C04F79EFBC}") = "15.1 - 1 - Demo", "15.1 - 1 - Demo\15.1 - 1 - Demo.csproj", "{5CBE8D35-C7E0-4018-B3DB-975F7FA23CFD}"
EndProject
Project("{FAE04EC0-301F-11D3-BF4B-00C04F79EFBC}") = "15.1 - 2 - Demo - Factoriel", "15.1 - 2 - Demo - Factoriel\15.1 - 2 - Demo - Factoriel.csproj", "{E03B0249-7C3D-47D8-800B-76C52C56F8F2}"
EndProject
Project("{FAE04EC0-301F-11D3-BF4B-00C04F79EFBC}") = "15.1 - 3 - Demo - PechatFIGURA", "15.1 - 3 - Demo - PechatFIGURA\15.1 - 3 - Demo - PechatFIGURA.csproj", "{403C8CEA-9FC7-49C6-866C-4E8722D3E5BB}"
EndProject
Project("{FAE04EC0-301F-11D3-BF4B-00C04F79EFBC}") = "15.1 - z1 -  ObarnatMasiv", "15.1 - z1 -  ObarnatMasiv\15.1 - z1 -  ObarnatMasiv.csproj", "{97B53391-88F6-4990-A328-3906ACA610AB}"
EndProject
Project("{FAE04EC0-301F-11D3-BF4B-00C04F79EFBC}") = "z1 - Fibonachi", "z1 - Fibonachi\z1 - Fibonachi.csproj", "{C6366DA9-4167-4329-8B29-E5C33B8E8D87}"
EndProject
Project("{FAE04EC0-301F-11D3-BF4B-00C04F79EFBC}") = "z2 - Stepen", "z2 - Stepen\z2 - Stepen.csproj", "{C2059975-D0D7-4876-9287-0A8D95F1B9A3}"
EndProject
Project("{FAE04EC0-301F-11D3-BF4B-00C04F79EFBC}") = "z3 - SumCifri-Na-Chislo", "z3 - SumCifri-Na-Chislo\z3 - SumCifri-Na-Chislo.csproj", "{A565BD90-46E3-4EB4-BB62-0BF4CB51D891}"
EndProject
Project("{FAE04EC0-301F-11D3-BF4B-00C04F79EFBC}") = "z4 - PrintToN", "z4 - PrintToN\z4 - PrintToN.csproj", "{1B4D32AF-4817-413D-B480-4F388ECC9E4F}"
EndProject
Global
	GlobalSection(SolutionConfigurationPlatforms) = preSolution
		Debug|Any CPU = Debug|Any CPU
		Release|Any CPU = Release|Any CPU
	EndGlobalSection
	GlobalSection(ProjectConfigurationPlatforms) = postSolution
		{FB05956A-441F-43C1-BADF-DBC4D54D52DC}.Debug|Any CPU.ActiveCfg = Debug|Any CPU
		{FB05956A-441F-43C1-BADF-DBC4D54D52DC}.Debug|Any CPU.Build.0 = Debug|Any CPU
		{FB05956A-441F-43C1-BADF-DBC4D54D52DC}.Release|Any CPU.ActiveCfg = Release|Any CPU
		{FB05956A-441F-43C1-BADF-DBC4D54D52DC}.Release|Any CPU.Build.0 = Release|Any CPU
		{5CBE8D35-C7E0-4018-B3DB-975F7FA23CFD}.Debug|Any CPU.ActiveCfg = Debug|Any CPU
		{5CBE8D35-C7E0-4018-B3DB-975F7FA23CFD}.Debug|Any CPU.Build.0 = Debug|Any CPU
		{5CBE8D35-C7E0-4018-B3DB-975F7FA23CFD}.Release|Any CPU.ActiveCfg = Release|Any CPU
		{5CBE8D35-C7E0-4018-B3DB-975F7FA23CFD}.Release|Any CPU.Build.0 = Release|Any CPU
		{E03B0249-7C3D-47D8-800B-76C52C56F8F2}.Debug|Any CPU.ActiveCfg = Debug|Any CPU
		{E03B0249-7C3D-47D8-800B-76C52C56F8F2}.Debug|Any CPU.Build.0 = Debug|Any CPU
		{E03B0249-7C3D-47D8-800B-76C52C56F8F2}.Release|Any CPU.ActiveCfg = Release|Any CPU
		{E03B0249-7C3D-47D8-800B-76C52C56F8F2}.Release|Any CPU.Build.0 = Release|Any CPU
		{403C8CEA-9FC7-49C6-866C-4E8722D3E5BB}.Debug|Any CPU.ActiveCfg = Debug|Any CPU
		{403C8CEA-9FC7-49C6-866C-4E8722D3E5BB}.Debug|Any CPU.Build.0 = Debug|Any CPU
		{403C8CEA-9FC7-49C6-866C-4E8722D3E5BB}.Release|Any CPU.ActiveCfg = Release|Any CPU
		{403C8CEA-9FC7-49C6-866C-4E8722D3E5BB}.Release|Any CPU.Build.0 = Release|Any CPU
		{97B53391-88F6-4990-A328-3906ACA610AB}.Debug|Any CPU.ActiveCfg = Debug|Any CPU
		{97B53391-88F6-4990-A328-3906ACA610AB}.Debug|Any CPU.Build.0 = Debug|Any CPU
		{97B53391-88F6-4990-A328-3906ACA610AB}.Release|Any CPU.ActiveCfg = Release|Any CPU
		{97B53391-88F6-4990-A328-3906ACA610AB}.Release|Any CPU.Build.0 = Release|Any CPU
		{C6366DA9-4167-4329-8B29-E5C33B8E8D87}.Debug|Any CPU.ActiveCfg = Debug|Any CPU
		{C6366DA9-4167-4329-8B29-E5C33B8E8D87}.Debug|Any CPU.Build.0 = Debug|Any CPU
		{C6366DA9-4167-4329-8B29-E5C33B8E8D87}.Release|Any CPU.ActiveCfg = Release|Any CPU
		{C6366DA9-4167-4329-8B29-E5C33B8E8D87}.Release|Any CPU.Build.0 = Release|Any CPU
		{C2059975-D0D7-4876-9287-0A8D95F1B9A3}.Debug|Any CPU.ActiveCfg = Debug|Any CPU
		{C2059975-D0D7-4876-9287-0A8D95F1B9A3}.Debug|Any CPU.Build.0 = Debug|Any CPU
		{C2059975-D0D7-4876-9287-0A8D95F1B9A3}.Release|Any CPU.ActiveCfg = Release|Any CPU
		{C2059975-D0D7-4876-9287-0A8D95F1B9A3}.Release|Any CPU.Build.0 = Release|Any CPU
		{A565BD90-46E3-4EB4-BB62-0BF4CB51D891}.Debug|Any CPU.ActiveCfg = Debug|Any CPU
		{A565BD90-46E3-4EB4-BB62-0BF4CB51D891}.Debug|Any CPU.Build.0 = Debug|Any CPU
		{A565BD90-46E3-4EB4-BB62-0BF4CB51D891}.Release|Any CPU.ActiveCfg = Release|Any CPU
		{A565BD90-46E3-4EB4-BB62-0BF4CB51D891}.Release|Any CPU.Build.0 = Release|Any CPU
		{1B4D32AF-4817-413D-B480-4F388ECC9E4F}.Debug|Any CPU.ActiveCfg = Debug|Any CPU
		{1B4D32AF-4817-413D-B480-4F388ECC9E4F}.Debug|Any CPU.Build.0 = Debug|Any CPU
		{1B4D32AF-4817-413D-B480-4F388ECC9E4F}.Release|Any CPU.ActiveCfg = Release|Any CPU
		{1B4D32AF-4817-413D-B480-4F388ECC9E4F}.Release|Any CPU.Build.0 = Release|Any CPU
	EndGlobalSection
	GlobalSection(SolutionProperties) = preSolution
		HideSolutionNode = FALSE
	EndGlobalSection
	GlobalSection(ExtensibilityGlobals) = postSolution
		SolutionGuid = {41D2549B-D20A-447A-830C-8894D5998E46}
	EndGlobalSection
EndGlobal
