
Microsoft Visual Studio Solution File, Format Version 12.00
# Visual Studio Version 17
VisualStudioVersion = 17.14.36429.23
MinimumVisualStudioVersion = 10.0.40219.1
Project("{FAE04EC0-301F-11D3-BF4B-00C04F79EFBC}") = "00. Demo", "00. Demo\00. Demo.csproj", "{BE021CF6-3FE5-4A22-BBC3-C30D8BD666F7}"
EndProject
Project("{FAE04EC0-301F-11D3-BF4B-00C04F79EFBC}") = "01. NasledqvaneNaNiva", "01. NasledqvaneNaNiva\01. NasledqvaneNaNiva.csproj", "{E8B088D2-C66C-4B2F-9CAB-B8C30FD212CE}"
EndProject
Project("{FAE04EC0-301F-11D3-BF4B-00C04F79EFBC}") = "02. Human_Izpit", "02. Human_Izpit\02. Human_Izpit.csproj", "{54460EA1-4DC7-4061-B774-4EDB4D1AAA9C}"
EndProject
Project("{FAE04EC0-301F-11D3-BF4B-00C04F79EFBC}") = "03.Human_Izpit", "03.Human_Izpit\03.Human_Izpit.csproj", "{6C760B6D-AC1C-4520-AC8D-31CDA2B19F36}"
EndProject
Project("{FAE04EC0-301F-11D3-BF4B-00C04F79EFBC}") = "04. VirtualMethod", "04. VirtualMethod\04. VirtualMethod.csproj", "{53B02AA3-CE1A-4D67-9B46-13AA7993837A}"
EndProject
Global
	GlobalSection(SolutionConfigurationPlatforms) = preSolution
		Debug|Any CPU = Debug|Any CPU
		Release|Any CPU = Release|Any CPU
	EndGlobalSection
	GlobalSection(ProjectConfigurationPlatforms) = postSolution
		{BE021CF6-3FE5-4A22-BBC3-C30D8BD666F7}.Debug|Any CPU.ActiveCfg = Debug|Any CPU
		{BE021CF6-3FE5-4A22-BBC3-C30D8BD666F7}.Debug|Any CPU.Build.0 = Debug|Any CPU
		{BE021CF6-3FE5-4A22-BBC3-C30D8BD666F7}.Release|Any CPU.ActiveCfg = Release|Any CPU
		{BE021CF6-3FE5-4A22-BBC3-C30D8BD666F7}.Release|Any CPU.Build.0 = Release|Any CPU
		{E8B088D2-C66C-4B2F-9CAB-B8C30FD212CE}.Debug|Any CPU.ActiveCfg = Debug|Any CPU
		{E8B088D2-C66C-4B2F-9CAB-B8C30FD212CE}.Debug|Any CPU.Build.0 = Debug|Any CPU
		{E8B088D2-C66C-4B2F-9CAB-B8C30FD212CE}.Release|Any CPU.ActiveCfg = Release|Any CPU
		{E8B088D2-C66C-4B2F-9CAB-B8C30FD212CE}.Release|Any CPU.Build.0 = Release|Any CPU
		{54460EA1-4DC7-4061-B774-4EDB4D1AAA9C}.Debug|Any CPU.ActiveCfg = Debug|Any CPU
		{54460EA1-4DC7-4061-B774-4EDB4D1AAA9C}.Debug|Any CPU.Build.0 = Debug|Any CPU
		{54460EA1-4DC7-4061-B774-4EDB4D1AAA9C}.Release|Any CPU.ActiveCfg = Release|Any CPU
		{54460EA1-4DC7-4061-B774-4EDB4D1AAA9C}.Release|Any CPU.Build.0 = Release|Any CPU
		{6C760B6D-AC1C-4520-AC8D-31CDA2B19F36}.Debug|Any CPU.ActiveCfg = Debug|Any CPU
		{6C760B6D-AC1C-4520-AC8D-31CDA2B19F36}.Debug|Any CPU.Build.0 = Debug|Any CPU
		{6C760B6D-AC1C-4520-AC8D-31CDA2B19F36}.Release|Any CPU.ActiveCfg = Release|Any CPU
		{6C760B6D-AC1C-4520-AC8D-31CDA2B19F36}.Release|Any CPU.Build.0 = Release|Any CPU
		{53B02AA3-CE1A-4D67-9B46-13AA7993837A}.Debug|Any CPU.ActiveCfg = Debug|Any CPU
		{53B02AA3-CE1A-4D67-9B46-13AA7993837A}.Debug|Any CPU.Build.0 = Debug|Any CPU
		{53B02AA3-CE1A-4D67-9B46-13AA7993837A}.Release|Any CPU.ActiveCfg = Release|Any CPU
		{53B02AA3-CE1A-4D67-9B46-13AA7993837A}.Release|Any CPU.Build.0 = Release|Any CPU
	EndGlobalSection
	GlobalSection(SolutionProperties) = preSolution
		HideSolutionNode = FALSE
	EndGlobalSection
	GlobalSection(ExtensibilityGlobals) = postSolution
		SolutionGuid = {C52BA49D-CD54-408E-B160-5EEC8275662B}
	EndGlobalSection
EndGlobal
