
Microsoft Visual Studio Solution File, Format Version 12.00
# Visual Studio Version 17
VisualStudioVersion = 17.14.36429.23
MinimumVisualStudioVersion = 10.0.40219.1
Project("{FAE04EC0-301F-11D3-BF4B-00C04F79EFBC}") = "01. SelectionSort", "01. SelectionSort\01. SelectionSort.csproj", "{E8C39B16-CB18-4C36-9BF3-40CFE4A2915F}"
EndProject
Project("{FAE04EC0-301F-11D3-BF4B-00C04F79EFBC}") = "02. BubbleSort", "02. BubbleSort\02. BubbleSort.csproj", "{8A80A667-F233-486B-AE36-AEE040473A54}"
EndProject
Project("{FAE04EC0-301F-11D3-BF4B-00C04F79EFBC}") = "03. InsertionSort", "03. InsertionSort\03. InsertionSort.csproj", "{96BAE9DB-2C53-4E25-8522-B928639AE61C}"
EndProject
Global
	GlobalSection(SolutionConfigurationPlatforms) = preSolution
		Debug|Any CPU = Debug|Any CPU
		Release|Any CPU = Release|Any CPU
	EndGlobalSection
	GlobalSection(ProjectConfigurationPlatforms) = postSolution
		{E8C39B16-CB18-4C36-9BF3-40CFE4A2915F}.Debug|Any CPU.ActiveCfg = Debug|Any CPU
		{E8C39B16-CB18-4C36-9BF3-40CFE4A2915F}.Debug|Any CPU.Build.0 = Debug|Any CPU
		{E8C39B16-CB18-4C36-9BF3-40CFE4A2915F}.Release|Any CPU.ActiveCfg = Release|Any CPU
		{E8C39B16-CB18-4C36-9BF3-40CFE4A2915F}.Release|Any CPU.Build.0 = Release|Any CPU
		{8A80A667-F233-486B-AE36-AEE040473A54}.Debug|Any CPU.ActiveCfg = Debug|Any CPU
		{8A80A667-F233-486B-AE36-AEE040473A54}.Debug|Any CPU.Build.0 = Debug|Any CPU
		{8A80A667-F233-486B-AE36-AEE040473A54}.Release|Any CPU.ActiveCfg = Release|Any CPU
		{8A80A667-F233-486B-AE36-AEE040473A54}.Release|Any CPU.Build.0 = Release|Any CPU
		{96BAE9DB-2C53-4E25-8522-B928639AE61C}.Debug|Any CPU.ActiveCfg = Debug|Any CPU
		{96BAE9DB-2C53-4E25-8522-B928639AE61C}.Debug|Any CPU.Build.0 = Debug|Any CPU
		{96BAE9DB-2C53-4E25-8522-B928639AE61C}.Release|Any CPU.ActiveCfg = Release|Any CPU
		{96BAE9DB-2C53-4E25-8522-B928639AE61C}.Release|Any CPU.Build.0 = Release|Any CPU
	EndGlobalSection
	GlobalSection(SolutionProperties) = preSolution
		HideSolutionNode = FALSE
	EndGlobalSection
	GlobalSection(ExtensibilityGlobals) = postSolution
		SolutionGuid = {455BE59F-E4D6-4CE6-AC06-2D1FB6B3832F}
	EndGlobalSection
EndGlobal
