
Microsoft Visual Studio Solution File, Format Version 12.00
# Visual Studio Version 17
VisualStudioVersion = 17.14.36429.23 d17.14
MinimumVisualStudioVersion = 10.0.40219.1
Project("{FAE04EC0-301F-11D3-BF4B-00C04F79EFBC}") = "00. Demo", "00. Demo\00. Demo.csproj", "{E8E59DCF-176E-499F-A9AA-C744DB451D3F}"
EndProject
Project("{FAE04EC0-301F-11D3-BF4B-00C04F79EFBC}") = "01. Demo", "01. Demo\01. Demo.csproj", "{12E6C05C-5B9B-4C83-9700-20BB77CA57D0}"
EndProject
Project("{FAE04EC0-301F-11D3-BF4B-00C04F79EFBC}") = "z01 - SumMatrix", "z01 - SumMatrix\z01 - SumMatrix.csproj", "{B3BBF2AF-17D5-49BB-AE20-DF1E3299BA85}"
EndProject
Global
	GlobalSection(SolutionConfigurationPlatforms) = preSolution
		Debug|Any CPU = Debug|Any CPU
		Release|Any CPU = Release|Any CPU
	EndGlobalSection
	GlobalSection(ProjectConfigurationPlatforms) = postSolution
		{E8E59DCF-176E-499F-A9AA-C744DB451D3F}.Debug|Any CPU.ActiveCfg = Debug|Any CPU
		{E8E59DCF-176E-499F-A9AA-C744DB451D3F}.Debug|Any CPU.Build.0 = Debug|Any CPU
		{E8E59DCF-176E-499F-A9AA-C744DB451D3F}.Release|Any CPU.ActiveCfg = Release|Any CPU
		{E8E59DCF-176E-499F-A9AA-C744DB451D3F}.Release|Any CPU.Build.0 = Release|Any CPU
		{12E6C05C-5B9B-4C83-9700-20BB77CA57D0}.Debug|Any CPU.ActiveCfg = Debug|Any CPU
		{12E6C05C-5B9B-4C83-9700-20BB77CA57D0}.Debug|Any CPU.Build.0 = Debug|Any CPU
		{12E6C05C-5B9B-4C83-9700-20BB77CA57D0}.Release|Any CPU.ActiveCfg = Release|Any CPU
		{12E6C05C-5B9B-4C83-9700-20BB77CA57D0}.Release|Any CPU.Build.0 = Release|Any CPU
		{B3BBF2AF-17D5-49BB-AE20-DF1E3299BA85}.Debug|Any CPU.ActiveCfg = Debug|Any CPU
		{B3BBF2AF-17D5-49BB-AE20-DF1E3299BA85}.Debug|Any CPU.Build.0 = Debug|Any CPU
		{B3BBF2AF-17D5-49BB-AE20-DF1E3299BA85}.Release|Any CPU.ActiveCfg = Release|Any CPU
		{B3BBF2AF-17D5-49BB-AE20-DF1E3299BA85}.Release|Any CPU.Build.0 = Release|Any CPU
	EndGlobalSection
	GlobalSection(SolutionProperties) = preSolution
		HideSolutionNode = FALSE
	EndGlobalSection
	GlobalSection(ExtensibilityGlobals) = postSolution
		SolutionGuid = {05FA2A50-CC57-439C-9AF0-AC418D34562F}
	EndGlobalSection
EndGlobal
